
Microsoft Visual Studio Solution File, Format Version 12.00
# Visual Studio Version 17
VisualStudioVersion = 17.10.35122.118
MinimumVisualStudioVersion = 10.0.40219.1
Project("{FAE04EC0-301F-11D3-BF4B-00C04F79EFBC}") = "AccordionMaui", "AccordionMaui\AccordionMaui.csproj", "{1ADD3194-5CFC-42CA-8E16-80C9666FDABB}"
EndProject
Global
	GlobalSection(SolutionConfigurationPlatforms) = preSolution
		Debug|Any CPU = Debug|Any CPU
		Release|Any CPU = Release|Any CPU
	EndGlobalSection
	GlobalSection(ProjectConfigurationPlatforms) = postSolution
		{1ADD3194-5CFC-42CA-8E16-80C9666FDABB}.Debug|Any CPU.ActiveCfg = Debug|Any CPU
		{1ADD3194-5CFC-42CA-8E16-80C9666FDABB}.Debug|Any CPU.Build.0 = Debug|Any CPU
		{1ADD3194-5CFC-42CA-8E16-80C9666FDABB}.Debug|Any CPU.Deploy.0 = Debug|Any CPU
		{1ADD3194-5CFC-42CA-8E16-80C9666FDABB}.Release|Any CPU.ActiveCfg = Release|Any CPU
		{1ADD3194-5CFC-42CA-8E16-80C9666FDABB}.Release|Any CPU.Build.0 = Release|Any CPU
		{1ADD3194-5CFC-42CA-8E16-80C9666FDABB}.Release|Any CPU.Deploy.0 = Release|Any CPU
	EndGlobalSection
	GlobalSection(SolutionProperties) = preSolution
		HideSolutionNode = FALSE
	EndGlobalSection
	GlobalSection(ExtensibilityGlobals) = postSolution
		SolutionGuid = {6C8EC23D-D5B0-4CA8-86C0-72BAB0C501C6}
	EndGlobalSection
EndGlobal
